
Microsoft Visual Studio Solution File, Format Version 12.00
# Visual Studio Version 17
VisualStudioVersion = 17.9.34622.214
MinimumVisualStudioVersion = 10.0.40219.1
Project("{2150E333-8FDC-42A3-9474-1A3956D46DE8}") = "Civil3DDlls", "Civil3DDlls", "{F37C504F-46EA-46C9-8F04-4CDE77F6D2EA}"
EndProject
Project("{2150E333-8FDC-42A3-9474-1A3956D46DE8}") = "2025", "2025", "{C85E9E19-207F-4F74-9D80-6B4959039D72}"
	ProjectSection(SolutionItems) = preProject
		Civil3DDlls\2025\accoremgd.dll = Civil3DDlls\2025\accoremgd.dll
		Civil3DDlls\2025\acdbmgd.dll = Civil3DDlls\2025\acdbmgd.dll
		Civil3DDlls\2025\acmgd.dll = Civil3DDlls\2025\acmgd.dll
		Civil3DDlls\2025\AecBaseMgd.dll = Civil3DDlls\2025\AecBaseMgd.dll
		Civil3DDlls\2025\AeccDbMgd.dll = Civil3DDlls\2025\AeccDbMgd.dll
		Civil3DDlls\2025\AecPropDataMgd.dll = Civil3DDlls\2025\AecPropDataMgd.dll
	EndProjectSection
EndProject
Project("{9A19103F-16F7-4668-BE54-9A1E7A4F7556}") = "BIMAIAnalyzer", "BIMAIAnalyzer.csproj", "{A1872933-C493-43E3-8E0D-61868ECD0988}"
EndProject
Global
	GlobalSection(SolutionConfigurationPlatforms) = preSolution
		Civil3D2025Debug|Any CPU = Civil3D2025Debug|Any CPU
		Civil3D2025Release|Any CPU = Civil3D2025Release|Any CPU
	EndGlobalSection
	GlobalSection(ProjectConfigurationPlatforms) = postSolution
		{A1872933-C493-43E3-8E0D-61868ECD0988}.Civil3D2025Debug|Any CPU.ActiveCfg = Civil3D2025Debug|Any CPU
		{A1872933-C493-43E3-8E0D-61868ECD0988}.Civil3D2025Debug|Any CPU.Build.0 = Civil3D2025Debug|Any CPU
		{A1872933-C493-43E3-8E0D-61868ECD0988}.Civil3D2025Release|Any CPU.ActiveCfg = Civil3D2025Release|Any CPU
		{A1872933-C493-43E3-8E0D-61868ECD0988}.Civil3D2025Release|Any CPU.Build.0 = Civil3D2025Release|Any CPU
	EndGlobalSection
	GlobalSection(SolutionProperties) = preSolution
		HideSolutionNode = FALSE
	EndGlobalSection
	GlobalSection(NestedProjects) = preSolution
		{C85E9E19-207F-4F74-9D80-6B4959039D72} = {F37C504F-46EA-46C9-8F04-4CDE77F6D2EA}
	EndGlobalSection
	GlobalSection(ExtensibilityGlobals) = postSolution
		SolutionGuid = {0E08B863-6D97-45A4-A8F6-805DEB76190B}
	EndGlobalSection
EndGlobal
